
Microsoft Visual Studio Solution File, Format Version 12.00
# Visual Studio Version 16
VisualStudioVersion = 16.0.31515.178
MinimumVisualStudioVersion = 10.0.40219.1
Project("{FAE04EC0-301F-11D3-BF4B-00C04F79EFBC}") = "ödev_2", "ödev_2\ödev_2.csproj", "{261A8502-A4AE-4C72-BDFA-D354CD371A09}"
EndProject
Global
	GlobalSection(SolutionConfigurationPlatforms) = preSolution
		Debug|Any CPU = Debug|Any CPU
		Release|Any CPU = Release|Any CPU
	EndGlobalSection
	GlobalSection(ProjectConfigurationPlatforms) = postSolution
		{261A8502-A4AE-4C72-BDFA-D354CD371A09}.Debug|Any CPU.ActiveCfg = Debug|Any CPU
		{261A8502-A4AE-4C72-BDFA-D354CD371A09}.Debug|Any CPU.Build.0 = Debug|Any CPU
		{261A8502-A4AE-4C72-BDFA-D354CD371A09}.Release|Any CPU.ActiveCfg = Release|Any CPU
		{261A8502-A4AE-4C72-BDFA-D354CD371A09}.Release|Any CPU.Build.0 = Release|Any CPU
	EndGlobalSection
	GlobalSection(SolutionProperties) = preSolution
		HideSolutionNode = FALSE
	EndGlobalSection
	GlobalSection(ExtensibilityGlobals) = postSolution
		SolutionGuid = {8452F019-D590-4CAE-BBE9-2279E8A365CF}
	EndGlobalSection
EndGlobal
